PODS:
  - Kitemetrics (1.2.0)
  - SnapKit (5.0.1)

DEPENDENCIES:
  - Kitemetrics (from `../.`)
  - SnapKit (~> 5.0.0)

SPEC REPOS:
  trunk:
    - SnapKit

EXTERNAL SOURCES:
  Kitemetrics:
    :path: "../."

SPEC CHECKSUMS:
  Kitemetrics: e3882fcc3e2b526236bb7f21fa295ce0e04d564b
  SnapKit: 97b92857e3df3a0c71833cce143274bf6ef8e5eb

PODFILE CHECKSUM: 5e92fec0c654e4336320eb85f0b413f01eb7bf5f

COCOAPODS: 1.10.1
