PODS:
  - Kitemetrics (1.2.0)
  - SnapKit (4.2.0)

DEPENDENCIES:
  - Kitemetrics (from `../../kitemetrics_iOS`)
  - SnapKit (= 4.2.0)

SPEC REPOS:
  https://github.com/cocoapods/specs.git:
    - SnapKit

EXTERNAL SOURCES:
  Kitemetrics:
    :path: "../../kitemetrics_iOS"

SPEC CHECKSUMS:
  Kitemetrics: 1878aab8449b7c59ba3eaf2255929453dde3f8e9
  SnapKit: fe8a619752f3f27075cc9a90244d75c6c3f27e2a

PODFILE CHECKSUM: bd2ebcfbff2e7a3e80f61e50af375427cadcbdcf

COCOAPODS: 1.5.3
